# This file is autogenerated, do not edit; changes may be undone by the next 'dep ensure'.


[[projects]]
  name = "github.com/gogo/protobuf"
  packages = [
    "gogoproto",
    "proto",
    "protoc-gen-gogo/descriptor"
  ]
  revision = "1adfc126b41513cc696b209667c8656ea7aac67c"
  version = "v1.0.0"

[[projects]]
  name = "github.com/mesos/mesos-go"
  packages = [
    "api/v1/lib",
    "api/v1/lib/agent",
    "api/v1/lib/agent/calls",
    "api/v1/lib/backoff",
    "api/v1/lib/client",
    "api/v1/lib/debug",
    "api/v1/lib/encoding",
    "api/v1/lib/encoding/codecs",
    "api/v1/lib/encoding/framing",
    "api/v1/lib/encoding/json",
    "api/v1/lib/encoding/proto",
    "api/v1/lib/extras/metrics",
    "api/v1/lib/extras/scheduler/callrules",
    "api/v1/lib/extras/scheduler/controller",
    "api/v1/lib/extras/scheduler/eventrules",
    "api/v1/lib/extras/scheduler/offers",
    "api/v1/lib/extras/store",
    "api/v1/lib/httpcli",
    "api/v1/lib/httpcli/apierrors",
    "api/v1/lib/httpcli/httpagent",
    "api/v1/lib/httpcli/httpsched",
    "api/v1/lib/recordio",
    "api/v1/lib/resourcefilters",
    "api/v1/lib/resources",
    "api/v1/lib/scheduler",
    "api/v1/lib/scheduler/calls",
    "api/v1/lib/scheduler/events"
  ]
  revision = "62cdc962072279174f51f718be27b7e0615ca323"
  version = "v0.0.6"

[[projects]]
  branch = "master"
  name = "github.com/pquerna/ffjson"
  packages = [
    "fflib/v1",
    "fflib/v1/internal"
  ]
  revision = "d49c2bc1aa135aad0c6f4fc2056623ec78f5d5ac"

[solve-meta]
  analyzer-name = "dep"
  analyzer-version = 1
  inputs-digest = "f083c7ff93643d9cdbc8e62dec4e134c76b295e08123fd6a8b8797a0cd5a3502"
  solver-name = "gps-cdcl"
  solver-version = 1
